
Microsoft Visual Studio Solution File, Format Version 12.00
# Visual Studio Version 17
VisualStudioVersion = 17.1.32319.34
MinimumVisualStudioVersion = 10.0.40219.1
Project("{FAE04EC0-301F-11D3-BF4B-00C04F79EFBC}") = "CapgeminiOrderAPI", "CapgeminiOrderAPI.csproj", "{2421938D-AD29-47DF-85E1-AB850AD5992D}"
EndProject
Global
	GlobalSection(SolutionConfigurationPlatforms) = preSolution
		Debug|Any CPU = Debug|Any CPU
		Release|Any CPU = Release|Any CPU
	EndGlobalSection
	GlobalSection(ProjectConfigurationPlatforms) = postSolution
		{2421938D-AD29-47DF-85E1-AB850AD5992D}.Debug|Any CPU.ActiveCfg = Debug|Any CPU
		{2421938D-AD29-47DF-85E1-AB850AD5992D}.Debug|Any CPU.Build.0 = Debug|Any CPU
		{2421938D-AD29-47DF-85E1-AB850AD5992D}.Release|Any CPU.ActiveCfg = Release|Any CPU
		{2421938D-AD29-47DF-85E1-AB850AD5992D}.Release|Any CPU.Build.0 = Release|Any CPU
	EndGlobalSection
	GlobalSection(SolutionProperties) = preSolution
		HideSolutionNode = FALSE
	EndGlobalSection
	GlobalSection(ExtensibilityGlobals) = postSolution
		SolutionGuid = {D21CF34D-B005-4493-BBC9-DD7B628509D4}
	EndGlobalSection
EndGlobal
